
Microsoft Visual Studio Solution File, Format Version 12.00
# Visual Studio Version 16
VisualStudioVersion = 16.0.31613.86
MinimumVisualStudioVersion = 10.0.40219.1
Project("{FAE04EC0-301F-11D3-BF4B-00C04F79EFBC}") = "ConvolutionNeuralNetwork", "ConvolutionNeuralNetwork.csproj", "{385C93FC-8B1D-42F5-A00B-893039857180}"
EndProject
Global
	GlobalSection(SolutionConfigurationPlatforms) = preSolution
		Debug|Any CPU = Debug|Any CPU
		Release|Any CPU = Release|Any CPU
	EndGlobalSection
	GlobalSection(ProjectConfigurationPlatforms) = postSolution
		{385C93FC-8B1D-42F5-A00B-893039857180}.Debug|Any CPU.ActiveCfg = Debug|Any CPU
		{385C93FC-8B1D-42F5-A00B-893039857180}.Debug|Any CPU.Build.0 = Debug|Any CPU
		{385C93FC-8B1D-42F5-A00B-893039857180}.Release|Any CPU.ActiveCfg = Release|Any CPU
		{385C93FC-8B1D-42F5-A00B-893039857180}.Release|Any CPU.Build.0 = Release|Any CPU
	EndGlobalSection
	GlobalSection(SolutionProperties) = preSolution
		HideSolutionNode = FALSE
	EndGlobalSection
	GlobalSection(ExtensibilityGlobals) = postSolution
		SolutionGuid = {1BC1D288-78FE-4D16-ADED-0BE78B490D53}
	EndGlobalSection
EndGlobal
